NeoBundleLock VimClojure 2a17c249571395a7f45523d38cac6a9326ecf8f1
NeoBundleLock neobundle.vim e1832e15bcaca00322a203713387d3ce5d373f74
NeoBundleLock neocomplcache 778181767467b8f8016828898779a646074d883a
NeoBundleLock neomru.vim 8655b3ba4e33a9e9d2f77c26365458c1702bdb16
NeoBundleLock simple-javascript-indenter b1cbd5b147b15245b02c5a9a6789a06950de6482
NeoBundleLock syntastic 47c70b3e1e388d8f9cc7c6d9687efc047df843ac
NeoBundleLock unite.vim 3a25f2a1992e0e39d62a2034590580df540d8b80
NeoBundleLock vim-endwise f2b664d4d492e649558dae1c3fce68a11196d7cc
NeoBundleLock vim-hybrid 75184dacef65991590514afca2943ad375d10dd3
NeoBundleLock vim-javascript-syntax c907b157ab22c73c517e07d29f7a753bbf8b8206
NeoBundleLock vim-rails f9bf7bb625e9405b21705e646e15123daa78671a
NeoBundleLock vim-slime 457ce9b366ceb1be1885e73e79ebbe8c1a2511ef
NeoBundleLock vim-tags 84728006078f8df54bce07740165f3fdc89a3c45
NeoBundleLock vimfiler 299f27e0cce6ba98c8c37e9361f4492c2bdae2a7
