NeoBundleLock VimClojure 2a17c249571395a7f45523d38cac6a9326ecf8f1
NeoBundleLock neobundle.vim 0b44247d063838e7709aeb225727020080cdc454
NeoBundleLock neocomplcache d83bcbd0b142eb8de9d669ead26914cd7322a51c
NeoBundleLock neomru.vim 7df9999b841228661ff73909c5b9e34952331e22
NeoBundleLock simple-javascript-indenter b1cbd5b147b15245b02c5a9a6789a06950de6482
NeoBundleLock syntastic cb64516d4d6786e63071c313fce074f690bc17be
NeoBundleLock unite.vim f7797945465c8fcb49d8519d1e122e680ae673a8
NeoBundleLock vim-endwise f2b664d4d492e649558dae1c3fce68a11196d7cc
NeoBundleLock vim-hybrid 471b235306b94850a3c6b1d2d9e5203e9919c15e
NeoBundleLock vim-javascript-syntax 82cb62c8982c825eaeeefe84a7a77cb86e33a242
NeoBundleLock vim-rails b5ccdb47f0b0001bf263a80315d3b6bca7bc3b2e
NeoBundleLock vim-slime d89c5ca795edf46c9e26c104257edc3d1d81a57e
NeoBundleLock vim-tags 2326af6b4143a545c91047c10b4e62b30c6023bf
NeoBundleLock vimfiler 20779819c0a40cf741a2eb894d88c153baca5baf
NeoBundleLock vimproc 4c496c7281f73bb90b86816088d3a5f01e03297e
